// !$*UTF8*$!
{
	archiveVersion = 1;
	classes = {
	};
	objectVersion = 55;
	objects = {

/* Begin PBXBuildFile section */
		13FC628454B12A004496601B /* Pods_EarthBlue.framework in Frameworks */ = {isa = PBXBuildFile; fileRef = 384A81B6D504CFF9514783F9 /* Pods_EarthBlue.framework */; };
		4A0EFED9D45BC97D81683255 /* Pods_EarthBlueTests.framework in Frameworks */ = {isa = PBXBuildFile; fileRef = 3581AFC3FC0148F38E04C109 /* Pods_EarthBlueTests.framework */; };
		502F2D1AB49718579524834A /* Pods_NetworkingServices_NetworkingServicesTests.framework in Frameworks */ = {isa = PBXBuildFile; fileRef = E8B218D3C88F19BEB6B3E791 /* Pods_NetworkingServices_NetworkingServicesTests.framework */; };
		70CCE171E318678D327DE022 /* Pods_NetworkingServices.framework in Frameworks */ = {isa = PBXBuildFile; fileRef = D34101A13F210871019362EB /* Pods_NetworkingServices.framework */; };
		AD115AEA275140E5001303F2 /* EventsFilteringViewModelTests.swift in Sources */ = {isa = PBXBuildFile; fileRef = AD115AE9275140E5001303F2 /* EventsFilteringViewModelTests.swift */; };
		AD170FDA2780801700D5AF8B /* EPICImageryRouter.swift in Sources */ = {isa = PBXBuildFile; fileRef = AD170FD92780801600D5AF8B /* EPICImageryRouter.swift */; };
		AD1D9CBD278CCC47002905A1 /* EPICImageSliderView.swift in Sources */ = {isa = PBXBuildFile; fileRef = AD1D9CBC278CCC47002905A1 /* EPICImageSliderView.swift */; };
		AD1D9CBF278CCC66002905A1 /* EPICImageSliderViewController.storyboard in Resources */ = {isa = PBXBuildFile; fileRef = AD1D9CBE278CCC66002905A1 /* EPICImageSliderViewController.storyboard */; };
		AD3567C7277B516A00BB9E62 /* TaskProgressView.swift in Sources */ = {isa = PBXBuildFile; fileRef = AD3567C6277B516A00BB9E62 /* TaskProgressView.swift */; };
		AD430552278ED2A300E76FC1 /* EPICImageryFiltering.swift in Sources */ = {isa = PBXBuildFile; fileRef = AD430551278ED2A300E76FC1 /* EPICImageryFiltering.swift */; };
		AD4AB63A2743E10E000F3F61 /* EventRow.swift in Sources */ = {isa = PBXBuildFile; fileRef = AD4AB6392743E10E000F3F61 /* EventRow.swift */; };
		AD4AB63C2743E1C4000F3F61 /* Previews.xcassets in Resources */ = {isa = PBXBuildFile; fileRef = AD4AB63B2743E1C4000F3F61 /* Previews.xcassets */; };
		AD4AB63F2743E1FF000F3F61 /* EventRowMocks.swift in Sources */ = {isa = PBXBuildFile; fileRef = AD4AB63E2743E1FF000F3F61 /* EventRowMocks.swift */; };
		AD4AB6412743ED71000F3F61 /* EventsViewModelMock.swift in Sources */ = {isa = PBXBuildFile; fileRef = AD4AB6402743ED71000F3F61 /* EventsViewModelMock.swift */; };
		AD4D15072779B39100BC6FDE /* EPICImageryService.swift in Sources */ = {isa = PBXBuildFile; fileRef = AD4D15062779B39100BC6FDE /* EPICImageryService.swift */; };
		AD4D150A2779E14E00BC6FDE /* EPICImageryRouterTests.swift in Sources */ = {isa = PBXBuildFile; fileRef = AD4D15092779E14E00BC6FDE /* EPICImageryRouterTests.swift */; };
		AD4D150C2779E57400BC6FDE /* EPICImageryServiceTests.swift in Sources */ = {isa = PBXBuildFile; fileRef = AD4D150B2779E57400BC6FDE /* EPICImageryServiceTests.swift */; };
		AD4E2C5A274BDA1300686DC2 /* EventDetailsViewModel.swift in Sources */ = {isa = PBXBuildFile; fileRef = AD4E2C59274BDA1300686DC2 /* EventDetailsViewModel.swift */; };
		AD4E2C5C274BDA4100686DC2 /* EventDetailsViewModelTests.swift in Sources */ = {isa = PBXBuildFile; fileRef = AD4E2C5B274BDA4100686DC2 /* EventDetailsViewModelTests.swift */; };
		AD4E2C5E274BDF6500686DC2 /* ExtensionsTests.swift in Sources */ = {isa = PBXBuildFile; fileRef = AD4E2C5D274BDF6500686DC2 /* ExtensionsTests.swift */; };
		AD4E2C60274BE80D00686DC2 /* EventDetailsView.swift in Sources */ = {isa = PBXBuildFile; fileRef = AD4E2C5F274BE80D00686DC2 /* EventDetailsView.swift */; };
		AD5EC6C02736BD96007BAD06 /* AppDelegate.swift in Sources */ = {isa = PBXBuildFile; fileRef = AD5EC6BF2736BD96007BAD06 /* AppDelegate.swift */; };
		AD5EC6C22736BD96007BAD06 /* SceneDelegate.swift in Sources */ = {isa = PBXBuildFile; fileRef = AD5EC6C12736BD96007BAD06 /* SceneDelegate.swift */; };
		AD5EC6C92736BD97007BAD06 /* Assets.xcassets in Resources */ = {isa = PBXBuildFile; fileRef = AD5EC6C82736BD97007BAD06 /* Assets.xcassets */; };
		AD5EC6CC2736BD97007BAD06 /* LaunchScreen.storyboard in Resources */ = {isa = PBXBuildFile; fileRef = AD5EC6CA2736BD97007BAD06 /* LaunchScreen.storyboard */; };
		AD62C7162768A8D6002F6AF2 /* EventsBookmarksView.swift in Sources */ = {isa = PBXBuildFile; fileRef = AD62C7152768A8D6002F6AF2 /* EventsBookmarksView.swift */; };
		AD6A96542757841100D060F2 /* EventsFeedFiltering.swift in Sources */ = {isa = PBXBuildFile; fileRef = AD6A96532757841100D060F2 /* EventsFeedFiltering.swift */; };
		AD6A96562757892600D060F2 /* EventsFilteringViewModel.swift in Sources */ = {isa = PBXBuildFile; fileRef = AD6A96552757892600D060F2 /* EventsFilteringViewModel.swift */; };
		AD7642CB2770A7E700B69C3D /* Networking Errors.swift in Sources */ = {isa = PBXBuildFile; fileRef = AD7642CA2770A7E700B69C3D /* Networking Errors.swift */; };
		AD7B284827443C4600737AF1 /* Extensions and helpers.swift in Sources */ = {isa = PBXBuildFile; fileRef = AD7B284727443C4600737AF1 /* Extensions and helpers.swift */; };
		AD8206BD2769DDD7006DCEBC /* EventsBookmarkStore.swift in Sources */ = {isa = PBXBuildFile; fileRef = AD8206BC2769DDD7006DCEBC /* EventsBookmarkStore.swift */; };
		AD8206BF2769DE0C006DCEBC /* EventBookmarkStoreTests.swift in Sources */ = {isa = PBXBuildFile; fileRef = AD8206BE2769DE0C006DCEBC /* EventBookmarkStoreTests.swift */; };
		AD8206C12769EE01006DCEBC /* EventBookmark.swift in Sources */ = {isa = PBXBuildFile; fileRef = AD8206C02769EE01006DCEBC /* EventBookmark.swift */; };
		AD93F28E273D0DB600AC7EF2 /* MockURLProtocol.swift in Sources */ = {isa = PBXBuildFile; fileRef = AD93F28D273D0DB600AC7EF2 /* MockURLProtocol.swift */; };
		AD93F291273D109A00AC7EF2 /* NaturalEventsService.swift in Sources */ = {isa = PBXBuildFile; fileRef = AD93F290273D109A00AC7EF2 /* NaturalEventsService.swift */; };
		AD93F293273D10CD00AC7EF2 /* NaturalEventsRouter.swift in Sources */ = {isa = PBXBuildFile; fileRef = AD93F292273D10CD00AC7EF2 /* NaturalEventsRouter.swift */; };
		AD93F296273D115100AC7EF2 /* NaturalEventsRouterTests.swift in Sources */ = {isa = PBXBuildFile; fileRef = AD93F295273D115100AC7EF2 /* NaturalEventsRouterTests.swift */; };
		AD96A7B4276F4570007A2ACD /* EventsBookmarksViewModel.swift in Sources */ = {isa = PBXBuildFile; fileRef = AD96A7B3276F4570007A2ACD /* EventsBookmarksViewModel.swift */; };
		AD96A7B6276F4AF1007A2ACD /* EventsBookmarksViewModelTests.swift in Sources */ = {isa = PBXBuildFile; fileRef = AD96A7B5276F4AF1007A2ACD /* EventsBookmarksViewModelTests.swift */; };
		AD9EB0FD277CC0DC0079AF0F /* ImageryView.swift in Sources */ = {isa = PBXBuildFile; fileRef = AD9EB0FC277CC0DC0079AF0F /* ImageryView.swift */; };
		AD9EB101277CC0E70079AF0F /* EPICImageryViewModel.swift in Sources */ = {isa = PBXBuildFile; fileRef = AD9EB0FE277CC0E70079AF0F /* EPICImageryViewModel.swift */; };
		AD9EB102277CC0E70079AF0F /* EPICFilteringView.swift in Sources */ = {isa = PBXBuildFile; fileRef = AD9EB0FF277CC0E70079AF0F /* EPICFilteringView.swift */; };
		AD9EB103277CC0E70079AF0F /* EPICImageryView.swift in Sources */ = {isa = PBXBuildFile; fileRef = AD9EB100277CC0E70079AF0F /* EPICImageryView.swift */; };
		ADA4D973274D365F00009099 /* EventsList.swift in Sources */ = {isa = PBXBuildFile; fileRef = ADA4D972274D365F00009099 /* EventsList.swift */; };
		ADA4D975274D3CF200009099 /* EventLocationInfo.swift in Sources */ = {isa = PBXBuildFile; fileRef = ADA4D974274D3CF200009099 /* EventLocationInfo.swift */; };
		ADAEE4D9273B150600FABA5A /* NetworkingServices.framework in Frameworks */ = {isa = PBXBuildFile; fileRef = ADAEE4D1273B150600FABA5A /* NetworkingServices.framework */; };
		ADAEE4E1273B150600FABA5A /* NetworkingServices.h in Headers */ = {isa = PBXBuildFile; fileRef = ADAEE4D3273B150600FABA5A /* NetworkingServices.h */; settings = {ATTRIBUTES = (Public, ); }; };
		ADAEE4E4273B150600FABA5A /* NetworkingServices.framework in Frameworks */ = {isa = PBXBuildFile; fileRef = ADAEE4D1273B150600FABA5A /* NetworkingServices.framework */; };
		ADAEE4E5273B150600FABA5A /* NetworkingServices.framework in Embed Frameworks */ = {isa = PBXBuildFile; fileRef = ADAEE4D1273B150600FABA5A /* NetworkingServices.framework */; settings = {ATTRIBUTES = (CodeSignOnCopy, RemoveHeadersOnCopy, ); }; };
		ADAEE4EF273B153B00FABA5A /* Alamofire in Frameworks */ = {isa = PBXBuildFile; productRef = ADAEE4EE273B153B00FABA5A /* Alamofire */; };
		ADAEE4F1273B166700FABA5A /* NetworkManagerTests.swift in Sources */ = {isa = PBXBuildFile; fileRef = ADAEE4F0273B166700FABA5A /* NetworkManagerTests.swift */; };
		ADAEE4F4273B16A700FABA5A /* NetworkManager.swift in Sources */ = {isa = PBXBuildFile; fileRef = ADAEE4F3273B16A700FABA5A /* NetworkManager.swift */; };
		ADB3E080274F8D1700CACEDB /* EventsFilteringView.swift in Sources */ = {isa = PBXBuildFile; fileRef = ADB3E07F274F8D1700CACEDB /* EventsFilteringView.swift */; };
		ADC00577273D664A005D5EF2 /* NaturalEventsServiceTests.swift in Sources */ = {isa = PBXBuildFile; fileRef = ADC00576273D664A005D5EF2 /* NaturalEventsServiceTests.swift */; };
		ADC00579273D6DA0005D5EF2 /* MockNetworkManager.swift in Sources */ = {isa = PBXBuildFile; fileRef = ADC00578273D6DA0005D5EF2 /* MockNetworkManager.swift */; };
		ADD616152736C8C4007A1D1D /* MainView.swift in Sources */ = {isa = PBXBuildFile; fileRef = ADD616142736C8C4007A1D1D /* MainView.swift */; };
		ADD8881B274DAB4C00B7B89C /* EventMocks.swift in Sources */ = {isa = PBXBuildFile; fileRef = ADD8881A274DAB4C00B7B89C /* EventMocks.swift */; };
		ADE77B8A274011320061AB3F /* EventsViewModel.swift in Sources */ = {isa = PBXBuildFile; fileRef = ADE77B89274011320061AB3F /* EventsViewModel.swift */; };
		ADE77B99274011940061AB3F /* EventsViewModelTests.swift in Sources */ = {isa = PBXBuildFile; fileRef = ADE77B98274011940061AB3F /* EventsViewModelTests.swift */; };
		ADE77B9B274123CD0061AB3F /* EventsView.swift in Sources */ = {isa = PBXBuildFile; fileRef = ADE77B9A274123CD0061AB3F /* EventsView.swift */; };
		ADE77B9D27412FC90061AB3F /* Event.swift in Sources */ = {isa = PBXBuildFile; fileRef = ADE77B9C27412FC90061AB3F /* Event.swift */; };
		ADE77BA1274144450061AB3F /* Mocks.swift in Sources */ = {isa = PBXBuildFile; fileRef = ADE77BA0274144450061AB3F /* Mocks.swift */; };
		ADF0A2CD27A07AC9002C5844 /* SliderImageViewCell.swift in Sources */ = {isa = PBXBuildFile; fileRef = ADF0A2CC27A07AC9002C5844 /* SliderImageViewCell.swift */; };
		ADF49647273EE588003ADB9C /* Colors.swift in Sources */ = {isa = PBXBuildFile; fileRef = ADF49646273EE588003ADB9C /* Colors.swift */; };
		ADFFEE3627897CC00060C7B6 /* EPICFilteringViewModel.swift in Sources */ = {isa = PBXBuildFile; fileRef = ADFFEE3527897CC00060C7B6 /* EPICFilteringViewModel.swift */; };
		ADFFEE3827897CE60060C7B6 /* EPICImage.swift in Sources */ = {isa = PBXBuildFile; fileRef = ADFFEE3727897CE60060C7B6 /* EPICImage.swift */; };
		ADFFEE3A27898BD10060C7B6 /* ImageryProviderInfo.swift in Sources */ = {isa = PBXBuildFile; fileRef = ADFFEE3927898BD10060C7B6 /* ImageryProviderInfo.swift */; };
/* End PBXBuildFile section */

/* Begin PBXContainerItemProxy section */
		ADAEE4DA273B150600FABA5A /* PBXContainerItemProxy */ = {
			isa = PBXContainerItemProxy;
			containerPortal = AD5EC6B42736BD96007BAD06 /* Project object */;
			proxyType = 1;
			remoteGlobalIDString = ADAEE4D0273B150600FABA5A;
			remoteInfo = NetworkingServices;
		};
		ADAEE4DC273B150600FABA5A /* PBXContainerItemProxy */ = {
			isa = PBXContainerItemProxy;
			containerPortal = AD5EC6B42736BD96007BAD06 /* Project object */;
			proxyType = 1;
			remoteGlobalIDString = AD5EC6BB2736BD96007BAD06;
			remoteInfo = EarthBlue;
		};
		ADAEE4E2273B150600FABA5A /* PBXContainerItemProxy */ = {
			isa = PBXContainerItemProxy;
			containerPortal = AD5EC6B42736BD96007BAD06 /* Project object */;
			proxyType = 1;
			remoteGlobalIDString = ADAEE4D0273B150600FABA5A;
			remoteInfo = NetworkingServices;
		};
		ADE77B93274011630061AB3F /* PBXContainerItemProxy */ = {
			isa = PBXContainerItemProxy;
			containerPortal = AD5EC6B42736BD96007BAD06 /* Project object */;
			proxyType = 1;
			remoteGlobalIDString = AD5EC6BB2736BD96007BAD06;
			remoteInfo = EarthBlue;
		};
/* End PBXContainerItemProxy section */

/* Begin PBXCopyFilesBuildPhase section */
		ADAEE4E9273B150600FABA5A /* Embed Frameworks */ = {
			isa = PBXCopyFilesBuildPhase;
			buildActionMask = 2147483647;
			dstPath = "";
			dstSubfolderSpec = 10;
			files = (
				ADAEE4E5273B150600FABA5A /* NetworkingServices.framework in Embed Frameworks */,
			);
			name = "Embed Frameworks";
			runOnlyForDeploymentPostprocessing = 0;
		};
/* End PBXCopyFilesBuildPhase section */

/* Begin PBXFileReference section */
		132E32980FFEC161AA2DB859 /* Pods-EarthBlue.debug.xcconfig */ = {isa = PBXFileReference; includeInIndex = 1; lastKnownFileType = text.xcconfig; name = "Pods-EarthBlue.debug.xcconfig"; path = "Target Support Files/Pods-EarthBlue/Pods-EarthBlue.debug.xcconfig"; sourceTree = "<group>"; };
		164618F284C7623D28B82494 /* Pods-NetworkingServices-NetworkingServicesTests.release.xcconfig */ = {isa = PBXFileReference; includeInIndex = 1; lastKnownFileType = text.xcconfig; name = "Pods-NetworkingServices-NetworkingServicesTests.release.xcconfig"; path = "Target Support Files/Pods-NetworkingServices-NetworkingServicesTests/Pods-NetworkingServices-NetworkingServicesTests.release.xcconfig"; sourceTree = "<group>"; };
		3581AFC3FC0148F38E04C109 /* Pods_EarthBlueTests.framework */ = {isa = PBXFileReference; explicitFileType = wrapper.framework; includeInIndex = 0; path = Pods_EarthBlueTests.framework; sourceTree = BUILT_PRODUCTS_DIR; };
		384A81B6D504CFF9514783F9 /* Pods_EarthBlue.framework */ = {isa = PBXFileReference; explicitFileType = wrapper.framework; includeInIndex = 0; path = Pods_EarthBlue.framework; sourceTree = BUILT_PRODUCTS_DIR; };
		926D147FFCD2BB93A5F3107E /* Pods-EarthBlueTests.release.xcconfig */ = {isa = PBXFileReference; includeInIndex = 1; lastKnownFileType = text.xcconfig; name = "Pods-EarthBlueTests.release.xcconfig"; path = "Target Support Files/Pods-EarthBlueTests/Pods-EarthBlueTests.release.xcconfig"; sourceTree = "<group>"; };
		9469BADAA3BB77FB3F06BF78 /* Pods-NetworkingServices.debug.xcconfig */ = {isa = PBXFileReference; includeInIndex = 1; lastKnownFileType = text.xcconfig; name = "Pods-NetworkingServices.debug.xcconfig"; path = "Target Support Files/Pods-NetworkingServices/Pods-NetworkingServices.debug.xcconfig"; sourceTree = "<group>"; };
		9B18D4D168D9624C2A099DEA /* Pods-NetworkingServices-NetworkingServicesTests.debug.xcconfig */ = {isa = PBXFileReference; includeInIndex = 1; lastKnownFileType = text.xcconfig; name = "Pods-NetworkingServices-NetworkingServicesTests.debug.xcconfig"; path = "Target Support Files/Pods-NetworkingServices-NetworkingServicesTests/Pods-NetworkingServices-NetworkingServicesTests.debug.xcconfig"; sourceTree = "<group>"; };
		AD115AE9275140E5001303F2 /* EventsFilteringViewModelTests.swift */ = {isa = PBXFileReference; lastKnownFileType = sourcecode.swift; path = EventsFilteringViewModelTests.swift; sourceTree = "<group>"; };
		AD170FD92780801600D5AF8B /* EPICImageryRouter.swift */ = {isa = PBXFileReference; lastKnownFileType = sourcecode.swift; path = EPICImageryRouter.swift; sourceTree = "<group>"; };
		AD1D9CBC278CCC47002905A1 /* EPICImageSliderView.swift */ = {isa = PBXFileReference; lastKnownFileType = sourcecode.swift; path = EPICImageSliderView.swift; sourceTree = "<group>"; };
		AD1D9CBE278CCC66002905A1 /* EPICImageSliderViewController.storyboard */ = {isa = PBXFileReference; fileEncoding = 4; lastKnownFileType = file.storyboard; path = EPICImageSliderViewController.storyboard; sourceTree = "<group>"; };
		AD3567C6277B516A00BB9E62 /* TaskProgressView.swift */ = {isa = PBXFileReference; lastKnownFileType = sourcecode.swift; path = TaskProgressView.swift; sourceTree = "<group>"; };
		AD430551278ED2A300E76FC1 /* EPICImageryFiltering.swift */ = {isa = PBXFileReference; lastKnownFileType = sourcecode.swift; path = EPICImageryFiltering.swift; sourceTree = "<group>"; };
		AD4AB6392743E10E000F3F61 /* EventRow.swift */ = {isa = PBXFileReference; lastKnownFileType = sourcecode.swift; path = EventRow.swift; sourceTree = "<group>"; };
		AD4AB63B2743E1C4000F3F61 /* Previews.xcassets */ = {isa = PBXFileReference; lastKnownFileType = folder.assetcatalog; path = Previews.xcassets; sourceTree = "<group>"; };
		AD4AB63E2743E1FF000F3F61 /* EventRowMocks.swift */ = {isa = PBXFileReference; lastKnownFileType = sourcecode.swift; path = EventRowMocks.swift; sourceTree = "<group>"; };
		AD4AB6402743ED71000F3F61 /* EventsViewModelMock.swift */ = {isa = PBXFileReference; lastKnownFileType = sourcecode.swift; path = EventsViewModelMock.swift; sourceTree = "<group>"; };
		AD4D15062779B39100BC6FDE /* EPICImageryService.swift */ = {isa = PBXFileReference; lastKnownFileType = sourcecode.swift; path = EPICImageryService.swift; sourceTree = "<group>"; };
		AD4D15092779E14E00BC6FDE /* EPICImageryRouterTests.swift */ = {isa = PBXFileReference; lastKnownFileType = sourcecode.swift; path = EPICImageryRouterTests.swift; sourceTree = "<group>"; };
		AD4D150B2779E57400BC6FDE /* EPICImageryServiceTests.swift */ = {isa = PBXFileReference; lastKnownFileType = sourcecode.swift; path = EPICImageryServiceTests.swift; sourceTree = "<group>"; };
		AD4E2C59274BDA1300686DC2 /* EventDetailsViewModel.swift */ = {isa = PBXFileReference; lastKnownFileType = sourcecode.swift; path = EventDetailsViewModel.swift; sourceTree = "<group>"; };
		AD4E2C5B274BDA4100686DC2 /* EventDetailsViewModelTests.swift */ = {isa = PBXFileReference; lastKnownFileType = sourcecode.swift; path = EventDetailsViewModelTests.swift; sourceTree = "<group>"; };
		AD4E2C5D274BDF6500686DC2 /* ExtensionsTests.swift */ = {isa = PBXFileReference; lastKnownFileType = sourcecode.swift; path = ExtensionsTests.swift; sourceTree = "<group>"; };
		AD4E2C5F274BE80D00686DC2 /* EventDetailsView.swift */ = {isa = PBXFileReference; lastKnownFileType = sourcecode.swift; path = EventDetailsView.swift; sourceTree = "<group>"; };
		AD5EC6BC2736BD96007BAD06 /* EarthBlue.app */ = {isa = PBXFileReference; explicitFileType = wrapper.application; includeInIndex = 0; path = EarthBlue.app; sourceTree = BUILT_PRODUCTS_DIR; };
		AD5EC6BF2736BD96007BAD06 /* AppDelegate.swift */ = {isa = PBXFileReference; lastKnownFileType = sourcecode.swift; path = AppDelegate.swift; sourceTree = "<group>"; };
		AD5EC6C12736BD96007BAD06 /* SceneDelegate.swift */ = {isa = PBXFileReference; lastKnownFileType = sourcecode.swift; path = SceneDelegate.swift; sourceTree = "<group>"; };
		AD5EC6C82736BD97007BAD06 /* Assets.xcassets */ = {isa = PBXFileReference; lastKnownFileType = folder.assetcatalog; path = Assets.xcassets; sourceTree = "<group>"; };
		AD5EC6CB2736BD97007BAD06 /* Base */ = {isa = PBXFileReference; lastKnownFileType = file.storyboard; name = Base; path = Base.lproj/LaunchScreen.storyboard; sourceTree = "<group>"; };
		AD5EC6CD2736BD97007BAD06 /* Info.plist */ = {isa = PBXFileReference; lastKnownFileType = text.plist.xml; path = Info.plist; sourceTree = "<group>"; };
		AD62C7152768A8D6002F6AF2 /* EventsBookmarksView.swift */ = {isa = PBXFileReference; lastKnownFileType = sourcecode.swift; path = EventsBookmarksView.swift; sourceTree = "<group>"; };
		AD6A96532757841100D060F2 /* EventsFeedFiltering.swift */ = {isa = PBXFileReference; lastKnownFileType = sourcecode.swift; path = EventsFeedFiltering.swift; sourceTree = "<group>"; };
		AD6A96552757892600D060F2 /* EventsFilteringViewModel.swift */ = {isa = PBXFileReference; lastKnownFileType = sourcecode.swift; path = EventsFilteringViewModel.swift; sourceTree = "<group>"; };
		AD7642CA2770A7E700B69C3D /* Networking Errors.swift */ = {isa = PBXFileReference; lastKnownFileType = sourcecode.swift; path = "Networking Errors.swift"; sourceTree = "<group>"; };
		AD78D3BD278DCE980003C588 /* Kingfisher-master */ = {isa = PBXFileReference; lastKnownFileType = folder; name = "Kingfisher-master"; path = "../../../Downloads/Kingfisher-master"; sourceTree = "<group>"; };
		AD7B284727443C4600737AF1 /* Extensions and helpers.swift */ = {isa = PBXFileReference; lastKnownFileType = sourcecode.swift; path = "Extensions and helpers.swift"; sourceTree = "<group>"; };
		AD8206BC2769DDD7006DCEBC /* EventsBookmarkStore.swift */ = {isa = PBXFileReference; lastKnownFileType = sourcecode.swift; path = EventsBookmarkStore.swift; sourceTree = "<group>"; };
		AD8206BE2769DE0C006DCEBC /* EventBookmarkStoreTests.swift */ = {isa = PBXFileReference; lastKnownFileType = sourcecode.swift; name = EventBookmarkStoreTests.swift; path = "EarthBlue/Natural Events/EventBookmarkStoreTests.swift"; sourceTree = SOURCE_ROOT; };
		AD8206C02769EE01006DCEBC /* EventBookmark.swift */ = {isa = PBXFileReference; lastKnownFileType = sourcecode.swift; path = EventBookmark.swift; sourceTree = "<group>"; };
		AD93F28D273D0DB600AC7EF2 /* MockURLProtocol.swift */ = {isa = PBXFileReference; lastKnownFileType = sourcecode.swift; path = MockURLProtocol.swift; sourceTree = "<group>"; };
		AD93F290273D109A00AC7EF2 /* NaturalEventsService.swift */ = {isa = PBXFileReference; lastKnownFileType = sourcecode.swift; path = NaturalEventsService.swift; sourceTree = "<group>"; };
		AD93F292273D10CD00AC7EF2 /* NaturalEventsRouter.swift */ = {isa = PBXFileReference; lastKnownFileType = sourcecode.swift; path = NaturalEventsRouter.swift; sourceTree = "<group>"; };
		AD93F295273D115100AC7EF2 /* NaturalEventsRouterTests.swift */ = {isa = PBXFileReference; lastKnownFileType = sourcecode.swift; path = NaturalEventsRouterTests.swift; sourceTree = "<group>"; };
		AD96A7B3276F4570007A2ACD /* EventsBookmarksViewModel.swift */ = {isa = PBXFileReference; lastKnownFileType = sourcecode.swift; path = EventsBookmarksViewModel.swift; sourceTree = "<group>"; };
		AD96A7B5276F4AF1007A2ACD /* EventsBookmarksViewModelTests.swift */ = {isa = PBXFileReference; lastKnownFileType = sourcecode.swift; path = EventsBookmarksViewModelTests.swift; sourceTree = "<group>"; };
		AD9EB0FC277CC0DC0079AF0F /* ImageryView.swift */ = {isa = PBXFileReference; fileEncoding = 4; lastKnownFileType = sourcecode.swift; path = ImageryView.swift; sourceTree = "<group>"; };
		AD9EB0FE277CC0E70079AF0F /* EPICImageryViewModel.swift */ = {isa = PBXFileReference; fileEncoding = 4; lastKnownFileType = sourcecode.swift; path = EPICImageryViewModel.swift; sourceTree = "<group>"; };
		AD9EB0FF277CC0E70079AF0F /* EPICFilteringView.swift */ = {isa = PBXFileReference; fileEncoding = 4; lastKnownFileType = sourcecode.swift; path = EPICFilteringView.swift; sourceTree = "<group>"; };
		AD9EB100277CC0E70079AF0F /* EPICImageryView.swift */ = {isa = PBXFileReference; fileEncoding = 4; lastKnownFileType = sourcecode.swift; path = EPICImageryView.swift; sourceTree = "<group>"; };
		ADA4D972274D365F00009099 /* EventsList.swift */ = {isa = PBXFileReference; lastKnownFileType = sourcecode.swift; path = EventsList.swift; sourceTree = "<group>"; };
		ADA4D974274D3CF200009099 /* EventLocationInfo.swift */ = {isa = PBXFileReference; lastKnownFileType = sourcecode.swift; path = EventLocationInfo.swift; sourceTree = "<group>"; };
		ADAEE4D1273B150600FABA5A /* NetworkingServices.framework */ = {isa = PBXFileReference; explicitFileType = wrapper.framework; includeInIndex = 0; path = NetworkingServices.framework; sourceTree = BUILT_PRODUCTS_DIR; };
		ADAEE4D3273B150600FABA5A /* NetworkingServices.h */ = {isa = PBXFileReference; lastKnownFileType = sourcecode.c.h; path = NetworkingServices.h; sourceTree = "<group>"; };
		ADAEE4D8273B150600FABA5A /* NetworkingServicesTests.xctest */ = {isa = PBXFileReference; explicitFileType = wrapper.cfbundle; includeInIndex = 0; path = NetworkingServicesTests.xctest; sourceTree = BUILT_PRODUCTS_DIR; };
		ADAEE4F0273B166700FABA5A /* NetworkManagerTests.swift */ = {isa = PBXFileReference; lastKnownFileType = sourcecode.swift; path = NetworkManagerTests.swift; sourceTree = "<group>"; };
		ADAEE4F3273B16A700FABA5A /* NetworkManager.swift */ = {isa = PBXFileReference; lastKnownFileType = sourcecode.swift; path = NetworkManager.swift; sourceTree = "<group>"; };
		ADB3E07F274F8D1700CACEDB /* EventsFilteringView.swift */ = {isa = PBXFileReference; lastKnownFileType = sourcecode.swift; path = EventsFilteringView.swift; sourceTree = "<group>"; };
		ADC00576273D664A005D5EF2 /* NaturalEventsServiceTests.swift */ = {isa = PBXFileReference; lastKnownFileType = sourcecode.swift; name = NaturalEventsServiceTests.swift; path = "NetworkingServices/Natural Events Service/NaturalEventsServiceTests.swift"; sourceTree = SOURCE_ROOT; };
		ADC00578273D6DA0005D5EF2 /* MockNetworkManager.swift */ = {isa = PBXFileReference; lastKnownFileType = sourcecode.swift; path = MockNetworkManager.swift; sourceTree = "<group>"; };
		ADD616142736C8C4007A1D1D /* MainView.swift */ = {isa = PBXFileReference; lastKnownFileType = sourcecode.swift; path = MainView.swift; sourceTree = "<group>"; };
		ADD8881A274DAB4C00B7B89C /* EventMocks.swift */ = {isa = PBXFileReference; lastKnownFileType = sourcecode.swift; path = EventMocks.swift; sourceTree = "<group>"; };
		ADE77B89274011320061AB3F /* EventsViewModel.swift */ = {isa = PBXFileReference; lastKnownFileType = sourcecode.swift; path = EventsViewModel.swift; sourceTree = "<group>"; };
		ADE77B8F274011630061AB3F /* EarthBlueTests.xctest */ = {isa = PBXFileReference; explicitFileType = wrapper.cfbundle; includeInIndex = 0; path = EarthBlueTests.xctest; sourceTree = BUILT_PRODUCTS_DIR; };
		ADE77B98274011940061AB3F /* EventsViewModelTests.swift */ = {isa = PBXFileReference; lastKnownFileType = sourcecode.swift; path = EventsViewModelTests.swift; sourceTree = "<group>"; };
		ADE77B9A274123CD0061AB3F /* EventsView.swift */ = {isa = PBXFileReference; lastKnownFileType = sourcecode.swift; path = EventsView.swift; sourceTree = "<group>"; };
		ADE77B9C27412FC90061AB3F /* Event.swift */ = {isa = PBXFileReference; lastKnownFileType = sourcecode.swift; path = Event.swift; sourceTree = "<group>"; };
		ADE77BA0274144450061AB3F /* Mocks.swift */ = {isa = PBXFileReference; lastKnownFileType = sourcecode.swift; path = Mocks.swift; sourceTree = "<group>"; };
		ADF0A2CC27A07AC9002C5844 /* SliderImageViewCell.swift */ = {isa = PBXFileReference; lastKnownFileType = sourcecode.swift; path = SliderImageViewCell.swift; sourceTree = "<group>"; };
		ADF49646273EE588003ADB9C /* Colors.swift */ = {isa = PBXFileReference; lastKnownFileType = sourcecode.swift; path = Colors.swift; sourceTree = "<group>"; };
		ADFFEE3527897CC00060C7B6 /* EPICFilteringViewModel.swift */ = {isa = PBXFileReference; lastKnownFileType = sourcecode.swift; path = EPICFilteringViewModel.swift; sourceTree = "<group>"; };
		ADFFEE3727897CE60060C7B6 /* EPICImage.swift */ = {isa = PBXFileReference; lastKnownFileType = sourcecode.swift; path = EPICImage.swift; sourceTree = "<group>"; };
		ADFFEE3927898BD10060C7B6 /* ImageryProviderInfo.swift */ = {isa = PBXFileReference; lastKnownFileType = sourcecode.swift; path = ImageryProviderInfo.swift; sourceTree = "<group>"; };
		B841EAC152E47E2C8DD359ED /* Pods-NetworkingServices.release.xcconfig */ = {isa = PBXFileReference; includeInIndex = 1; lastKnownFileType = text.xcconfig; name = "Pods-NetworkingServices.release.xcconfig"; path = "Target Support Files/Pods-NetworkingServices/Pods-NetworkingServices.release.xcconfig"; sourceTree = "<group>"; };
		D34101A13F210871019362EB /* Pods_NetworkingServices.framework */ = {isa = PBXFileReference; explicitFileType = wrapper.framework; includeInIndex = 0; path = Pods_NetworkingServices.framework; sourceTree = BUILT_PRODUCTS_DIR; };
		E8B218D3C88F19BEB6B3E791 /* Pods_NetworkingServices_NetworkingServicesTests.framework */ = {isa = PBXFileReference; explicitFileType = wrapper.framework; includeInIndex = 0; path = Pods_NetworkingServices_NetworkingServicesTests.framework; sourceTree = BUILT_PRODUCTS_DIR; };
		F119DA84D21332F733909A0E /* Pods-EarthBlueTests.debug.xcconfig */ = {isa = PBXFileReference; includeInIndex = 1; lastKnownFileType = text.xcconfig; name = "Pods-EarthBlueTests.debug.xcconfig"; path = "Target Support Files/Pods-EarthBlueTests/Pods-EarthBlueTests.debug.xcconfig"; sourceTree = "<group>"; };
		F38254829D8001E6780C8DC3 /* Pods-EarthBlue.release.xcconfig */ = {isa = PBXFileReference; includeInIndex = 1; lastKnownFileType = text.xcconfig; name = "Pods-EarthBlue.release.xcconfig"; path = "Target Support Files/Pods-EarthBlue/Pods-EarthBlue.release.xcconfig"; sourceTree = "<group>"; };
/* End PBXFileReference section */

/* Begin PBXFrameworksBuildPhase section */
		AD5EC6B92736BD96007BAD06 /* Frameworks */ = {
			isa = PBXFrameworksBuildPhase;
			buildActionMask = 2147483647;
			files = (
				ADAEE4E4273B150600FABA5A /* NetworkingServices.framework in Frameworks */,
				13FC628454B12A004496601B /* Pods_EarthBlue.framework in Frameworks */,
			);
			runOnlyForDeploymentPostprocessing = 0;
		};
		ADAEE4CE273B150600FABA5A /* Frameworks */ = {
			isa = PBXFrameworksBuildPhase;
			buildActionMask = 2147483647;
			files = (
				ADAEE4EF273B153B00FABA5A /* Alamofire in Frameworks */,
				70CCE171E318678D327DE022 /* Pods_NetworkingServices.framework in Frameworks */,
			);
			runOnlyForDeploymentPostprocessing = 0;
		};
		ADAEE4D5273B150600FABA5A /* Frameworks */ = {
			isa = PBXFrameworksBuildPhase;
			buildActionMask = 2147483647;
			files = (
				ADAEE4D9273B150600FABA5A /* NetworkingServices.framework in Frameworks */,
				502F2D1AB49718579524834A /* Pods_NetworkingServices_NetworkingServicesTests.framework in Frameworks */,
			);
			runOnlyForDeploymentPostprocessing = 0;
		};
		ADE77B8C274011630061AB3F /* Frameworks */ = {
			isa = PBXFrameworksBuildPhase;
			buildActionMask = 2147483647;
			files = (
				4A0EFED9D45BC97D81683255 /* Pods_EarthBlueTests.framework in Frameworks */,
			);
			runOnlyForDeploymentPostprocessing = 0;
		};
/* End PBXFrameworksBuildPhase section */

/* Begin PBXGroup section */
		0D637C2C6501B51ADA1FF97D /* Frameworks */ = {
			isa = PBXGroup;
			children = (
				384A81B6D504CFF9514783F9 /* Pods_EarthBlue.framework */,
				3581AFC3FC0148F38E04C109 /* Pods_EarthBlueTests.framework */,
				D34101A13F210871019362EB /* Pods_NetworkingServices.framework */,
				E8B218D3C88F19BEB6B3E791 /* Pods_NetworkingServices_NetworkingServicesTests.framework */,
			);
			name = Frameworks;
			sourceTree = "<group>";
		};
		AD42CA142778A1640021F2C0 /* EPIC Imagery */ = {
			isa = PBXGroup;
			children = (
				AD9EB0FF277CC0E70079AF0F /* EPICFilteringView.swift */,
				AD9EB100277CC0E70079AF0F /* EPICImageryView.swift */,
				AD9EB0FE277CC0E70079AF0F /* EPICImageryViewModel.swift */,
				ADFFEE3527897CC00060C7B6 /* EPICFilteringViewModel.swift */,
				AD1D9CBC278CCC47002905A1 /* EPICImageSliderView.swift */,
				ADF0A2CC27A07AC9002C5844 /* SliderImageViewCell.swift */,
				AD1D9CBE278CCC66002905A1 /* EPICImageSliderViewController.storyboard */,
				AD430553278ED2A800E76FC1 /* Models */,
			);
			path = "EPIC Imagery";
			sourceTree = "<group>";
		};
		AD430553278ED2A800E76FC1 /* Models */ = {
			isa = PBXGroup;
			children = (
				ADFFEE3727897CE60060C7B6 /* EPICImage.swift */,
				AD430551278ED2A300E76FC1 /* EPICImageryFiltering.swift */,
			);
			path = Models;
			sourceTree = "<group>";
		};
		AD4AB63D2743E1C9000F3F61 /* Preview Content */ = {
			isa = PBXGroup;
			children = (
				AD4AB63B2743E1C4000F3F61 /* Previews.xcassets */,
				ADD8881C274DABAB00B7B89C /* Natural events previews */,
			);
			path = "Preview Content";
			sourceTree = "<group>";
		};
		AD4D15082779E12400BC6FDE /* EPICImageryService */ = {
			isa = PBXGroup;
			children = (
				AD4D15062779B39100BC6FDE /* EPICImageryService.swift */,
				AD170FD92780801600D5AF8B /* EPICImageryRouter.swift */,
			);
			path = EPICImageryService;
			sourceTree = "<group>";
		};
		AD4D150D2779E58100BC6FDE /* EPICImagery Service Tests */ = {
			isa = PBXGroup;
			children = (
				AD4D15092779E14E00BC6FDE /* EPICImageryRouterTests.swift */,
				AD4D150B2779E57400BC6FDE /* EPICImageryServiceTests.swift */,
			);
			path = "EPICImagery Service Tests";
			sourceTree = "<group>";
		};
		AD5EC6B32736BD96007BAD06 = {
			isa = PBXGroup;
			children = (
				AD78D3BC278DCE980003C588 /* Packages */,
				AD5EC6BE2736BD96007BAD06 /* EarthBlue */,
				ADE77B90274011630061AB3F /* EarthBlueTests */,
				ADAEE4D2273B150600FABA5A /* NetworkingServices */,
				ADAEE4DE273B150600FABA5A /* NetworkingServicesTests */,
				AD5EC6BD2736BD96007BAD06 /* Products */,
				CB1C265FCE994EA9F610308A /* Pods */,
				0D637C2C6501B51ADA1FF97D /* Frameworks */,
			);
			sourceTree = "<group>";
		};
		AD5EC6BD2736BD96007BAD06 /* Products */ = {
			isa = PBXGroup;
			children = (
				AD5EC6BC2736BD96007BAD06 /* EarthBlue.app */,
				ADAEE4D1273B150600FABA5A /* NetworkingServices.framework */,
				ADAEE4D8273B150600FABA5A /* NetworkingServicesTests.xctest */,
				ADE77B8F274011630061AB3F /* EarthBlueTests.xctest */,
			);
			name = Products;
			sourceTree = "<group>";
		};
		AD5EC6BE2736BD96007BAD06 /* EarthBlue */ = {
			isa = PBXGroup;
			children = (
				ADD616142736C8C4007A1D1D /* MainView.swift */,
				ADD6160C2736C24D007A1D1D /* AppDelegate */,
				ADD6160D2736C25B007A1D1D /* Assets */,
				AD5EC6CD2736BD97007BAD06 /* Info.plist */,
				ADF49648273EEA84003ADB9C /* shared UI */,
				ADF4964B273EEAB5003ADB9C /* Natural Events */,
				AD4AB63D2743E1C9000F3F61 /* Preview Content */,
				AD7B284727443C4600737AF1 /* Extensions and helpers.swift */,
				AD5F17A827774ED0003E98FE /* Imagery */,
			);
			path = EarthBlue;
			sourceTree = "<group>";
		};
		AD5F17A827774ED0003E98FE /* Imagery */ = {
			isa = PBXGroup;
			children = (
				ADFFEE3927898BD10060C7B6 /* ImageryProviderInfo.swift */,
				AD9EB0FC277CC0DC0079AF0F /* ImageryView.swift */,
				AD42CA142778A1640021F2C0 /* EPIC Imagery */,
			);
			path = Imagery;
			sourceTree = "<group>";
		};
		AD78D3BC278DCE980003C588 /* Packages */ = {
			isa = PBXGroup;
			children = (
				AD78D3BD278DCE980003C588 /* Kingfisher-master */,
			);
			name = Packages;
			sourceTree = "<group>";
		};
		AD93F28F273D0DBE00AC7EF2 /* Shared */ = {
			isa = PBXGroup;
			children = (
				AD93F28D273D0DB600AC7EF2 /* MockURLProtocol.swift */,
				ADC00578273D6DA0005D5EF2 /* MockNetworkManager.swift */,
			);
			path = Shared;
			sourceTree = "<group>";
		};
		AD93F294273D10D800AC7EF2 /* Natural Events Service */ = {
			isa = PBXGroup;
			children = (
				AD93F290273D109A00AC7EF2 /* NaturalEventsService.swift */,
				AD93F292273D10CD00AC7EF2 /* NaturalEventsRouter.swift */,
			);
			path = "Natural Events Service";
			sourceTree = "<group>";
		};
		AD93F297273D115A00AC7EF2 /* Natural Events Service Tests */ = {
			isa = PBXGroup;
			children = (
				ADC00576273D664A005D5EF2 /* NaturalEventsServiceTests.swift */,
				AD93F295273D115100AC7EF2 /* NaturalEventsRouterTests.swift */,
			);
			path = "Natural Events Service Tests";
			sourceTree = "<group>";
		};
		ADAEE4D2273B150600FABA5A /* NetworkingServices */ = {
			isa = PBXGroup;
			children = (
				ADAEE4D3273B150600FABA5A /* NetworkingServices.h */,
				ADAEE4F5273B16AD00FABA5A /* Network Manager */,
				AD93F294273D10D800AC7EF2 /* Natural Events Service */,
				AD4D15082779E12400BC6FDE /* EPICImageryService */,
			);
			path = NetworkingServices;
			sourceTree = "<group>";
		};
		ADAEE4DE273B150600FABA5A /* NetworkingServicesTests */ = {
			isa = PBXGroup;
			children = (
				AD93F28F273D0DBE00AC7EF2 /* Shared */,
				ADAEE4F2273B166B00FABA5A /* Network Manager Tests */,
				AD93F297273D115A00AC7EF2 /* Natural Events Service Tests */,
				AD4D150D2779E58100BC6FDE /* EPICImagery Service Tests */,
			);
			path = NetworkingServicesTests;
			sourceTree = "<group>";
		};
		ADAEE4F2273B166B00FABA5A /* Network Manager Tests */ = {
			isa = PBXGroup;
			children = (
				ADAEE4F0273B166700FABA5A /* NetworkManagerTests.swift */,
			);
			path = "Network Manager Tests";
			sourceTree = "<group>";
		};
		ADAEE4F5273B16AD00FABA5A /* Network Manager */ = {
			isa = PBXGroup;
			children = (
				ADAEE4F3273B16A700FABA5A /* NetworkManager.swift */,
				AD7642CA2770A7E700B69C3D /* Networking Errors.swift */,
			);
			path = "Network Manager";
			sourceTree = "<group>";
		};
		ADD6160C2736C24D007A1D1D /* AppDelegate */ = {
			isa = PBXGroup;
			children = (
				AD5EC6BF2736BD96007BAD06 /* AppDelegate.swift */,
				AD5EC6C12736BD96007BAD06 /* SceneDelegate.swift */,
			);
			path = AppDelegate;
			sourceTree = "<group>";
		};
		ADD6160D2736C25B007A1D1D /* Assets */ = {
			isa = PBXGroup;
			children = (
				AD5EC6C82736BD97007BAD06 /* Assets.xcassets */,
				AD5EC6CA2736BD97007BAD06 /* LaunchScreen.storyboard */,
			);
			path = Assets;
			sourceTree = "<group>";
		};
		ADD8881C274DABAB00B7B89C /* Natural events previews */ = {
			isa = PBXGroup;
			children = (
				ADD8881A274DAB4C00B7B89C /* EventMocks.swift */,
				AD4AB63E2743E1FF000F3F61 /* EventRowMocks.swift */,
				AD4AB6402743ED71000F3F61 /* EventsViewModelMock.swift */,
			);
			path = "Natural events previews";
			sourceTree = "<group>";
		};
		ADD8881D274DAEEE00B7B89C /* Views */ = {
			isa = PBXGroup;
			children = (
				ADE77B9A274123CD0061AB3F /* EventsView.swift */,
				AD4AB6392743E10E000F3F61 /* EventRow.swift */,
				AD4E2C5F274BE80D00686DC2 /* EventDetailsView.swift */,
				ADA4D972274D365F00009099 /* EventsList.swift */,
				ADB3E07F274F8D1700CACEDB /* EventsFilteringView.swift */,
				AD62C7152768A8D6002F6AF2 /* EventsBookmarksView.swift */,
			);
			path = Views;
			sourceTree = "<group>";
		};
		ADE77B90274011630061AB3F /* EarthBlueTests */ = {
			isa = PBXGroup;
			children = (
				ADE77B9F274131F50061AB3F /* Natural Events Tests */,
				AD4E2C5D274BDF6500686DC2 /* ExtensionsTests.swift */,
			);
			path = EarthBlueTests;
			sourceTree = "<group>";
		};
		ADE77B9E27412FCD0061AB3F /* Models */ = {
			isa = PBXGroup;
			children = (
				ADE77B9C27412FC90061AB3F /* Event.swift */,
				ADA4D974274D3CF200009099 /* EventLocationInfo.swift */,
				AD6A96532757841100D060F2 /* EventsFeedFiltering.swift */,
				AD8206C02769EE01006DCEBC /* EventBookmark.swift */,
			);
			path = Models;
			sourceTree = "<group>";
		};
		ADE77B9F274131F50061AB3F /* Natural Events Tests */ = {
			isa = PBXGroup;
			children = (
				AD8206BE2769DE0C006DCEBC /* EventBookmarkStoreTests.swift */,
				AD4E2C5B274BDA4100686DC2 /* EventDetailsViewModelTests.swift */,
				ADE77B98274011940061AB3F /* EventsViewModelTests.swift */,
				ADE77BA0274144450061AB3F /* Mocks.swift */,
				AD115AE9275140E5001303F2 /* EventsFilteringViewModelTests.swift */,
				AD96A7B5276F4AF1007A2ACD /* EventsBookmarksViewModelTests.swift */,
			);
			path = "Natural Events Tests";
			sourceTree = "<group>";
		};
		ADF49648273EEA84003ADB9C /* shared UI */ = {
			isa = PBXGroup;
			children = (
				ADF49646273EE588003ADB9C /* Colors.swift */,
				AD3567C6277B516A00BB9E62 /* TaskProgressView.swift */,
			);
			path = "shared UI";
			sourceTree = "<group>";
		};
		ADF4964B273EEAB5003ADB9C /* Natural Events */ = {
			isa = PBXGroup;
			children = (
				AD96A7B3276F4570007A2ACD /* EventsBookmarksViewModel.swift */,
				AD4E2C59274BDA1300686DC2 /* EventDetailsViewModel.swift */,
				ADE77B89274011320061AB3F /* EventsViewModel.swift */,
				ADE77B9E27412FCD0061AB3F /* Models */,
				ADD8881D274DAEEE00B7B89C /* Views */,
				AD6A96552757892600D060F2 /* EventsFilteringViewModel.swift */,
				AD8206BC2769DDD7006DCEBC /* EventsBookmarkStore.swift */,
			);
			path = "Natural Events";
			sourceTree = "<group>";
		};
		CB1C265FCE994EA9F610308A /* Pods */ = {
			isa = PBXGroup;
			children = (
				132E32980FFEC161AA2DB859 /* Pods-EarthBlue.debug.xcconfig */,
				F38254829D8001E6780C8DC3 /* Pods-EarthBlue.release.xcconfig */,
				F119DA84D21332F733909A0E /* Pods-EarthBlueTests.debug.xcconfig */,
				926D147FFCD2BB93A5F3107E /* Pods-EarthBlueTests.release.xcconfig */,
				9469BADAA3BB77FB3F06BF78 /* Pods-NetworkingServices.debug.xcconfig */,
				B841EAC152E47E2C8DD359ED /* Pods-NetworkingServices.release.xcconfig */,
				9B18D4D168D9624C2A099DEA /* Pods-NetworkingServices-NetworkingServicesTests.debug.xcconfig */,
				164618F284C7623D28B82494 /* Pods-NetworkingServices-NetworkingServicesTests.release.xcconfig */,
			);
			path = Pods;
			sourceTree = "<group>";
		};
/* End PBXGroup section */

/* Begin PBXHeadersBuildPhase section */
		ADAEE4CC273B150600FABA5A /* Headers */ = {
			isa = PBXHeadersBuildPhase;
			buildActionMask = 2147483647;
			files = (
				ADAEE4E1273B150600FABA5A /* NetworkingServices.h in Headers */,
			);
			runOnlyForDeploymentPostprocessing = 0;
		};
/* End PBXHeadersBuildPhase section */

/* Begin PBXNativeTarget section */
		AD5EC6BB2736BD96007BAD06 /* EarthBlue */ = {
			isa = PBXNativeTarget;
			buildConfigurationList = AD5EC6E62736BD98007BAD06 /* Build configuration list for PBXNativeTarget "EarthBlue" */;
			buildPhases = (
				FC492A9E6A4C121869744B59 /* [CP] Check Pods Manifest.lock */,
				AD5EC6B82736BD96007BAD06 /* Sources */,
				AD5EC6B92736BD96007BAD06 /* Frameworks */,
				AD5EC6BA2736BD96007BAD06 /* Resources */,
				ADAEE4E9273B150600FABA5A /* Embed Frameworks */,
				80E1C87AE4D7C35C997678DC /* [CP] Embed Pods Frameworks */,
			);
			buildRules = (
			);
			dependencies = (
				ADAEE4E3273B150600FABA5A /* PBXTargetDependency */,
			);
			name = EarthBlue;
			productName = EarthBlue;
			productReference = AD5EC6BC2736BD96007BAD06 /* EarthBlue.app */;
			productType = "com.apple.product-type.application";
		};
		ADAEE4D0273B150600FABA5A /* NetworkingServices */ = {
			isa = PBXNativeTarget;
			buildConfigurationList = ADAEE4E6273B150600FABA5A /* Build configuration list for PBXNativeTarget "NetworkingServices" */;
			buildPhases = (
				7EB726FD2142FA6D5CD31A14 /* [CP] Check Pods Manifest.lock */,
				ADAEE4CC273B150600FABA5A /* Headers */,
				ADAEE4CD273B150600FABA5A /* Sources */,
				ADAEE4CE273B150600FABA5A /* Frameworks */,
				ADAEE4CF273B150600FABA5A /* Resources */,
			);
			buildRules = (
			);
			dependencies = (
			);
			name = NetworkingServices;
			packageProductDependencies = (
				ADAEE4EE273B153B00FABA5A /* Alamofire */,
			);
			productName = NetworkingServices;
			productReference = ADAEE4D1273B150600FABA5A /* NetworkingServices.framework */;
			productType = "com.apple.product-type.framework";
		};
		ADAEE4D7273B150600FABA5A /* NetworkingServicesTests */ = {
			isa = PBXNativeTarget;
			buildConfigurationList = ADAEE4EA273B150600FABA5A /* Build configuration list for PBXNativeTarget "NetworkingServicesTests" */;
			buildPhases = (
				B762C3F7DDBAC21A9B7FB28D /* [CP] Check Pods Manifest.lock */,
				ADAEE4D4273B150600FABA5A /* Sources */,
				ADAEE4D5273B150600FABA5A /* Frameworks */,
				ADAEE4D6273B150600FABA5A /* Resources */,
			);
			buildRules = (
			);
			dependencies = (
				ADAEE4DB273B150600FABA5A /* PBXTargetDependency */,
				ADAEE4DD273B150600FABA5A /* PBXTargetDependency */,
			);
			name = NetworkingServicesTests;
			productName = NetworkingServicesTests;
			productReference = ADAEE4D8273B150600FABA5A /* NetworkingServicesTests.xctest */;
			productType = "com.apple.product-type.bundle.unit-test";
		};
		ADE77B8E274011630061AB3F /* EarthBlueTests */ = {
			isa = PBXNativeTarget;
			buildConfigurationList = ADE77B95274011630061AB3F /* Build configuration list for PBXNativeTarget "EarthBlueTests" */;
			buildPhases = (
				D5E4E09D618D660490B53DEC /* [CP] Check Pods Manifest.lock */,
				ADE77B8B274011630061AB3F /* Sources */,
				ADE77B8C274011630061AB3F /* Frameworks */,
				ADE77B8D274011630061AB3F /* Resources */,
			);
			buildRules = (
			);
			dependencies = (
				ADE77B94274011630061AB3F /* PBXTargetDependency */,
			);
			name = EarthBlueTests;
			productName = EarthBlueTests;
			productReference = ADE77B8F274011630061AB3F /* EarthBlueTests.xctest */;
			productType = "com.apple.product-type.bundle.unit-test";
		};
/* End PBXNativeTarget section */

/* Begin PBXProject section */
		AD5EC6B42736BD96007BAD06 /* Project object */ = {
			isa = PBXProject;
			attributes = {
				BuildIndependentTargetsInParallel = 1;
				LastSwiftUpdateCheck = 1300;
				LastUpgradeCheck = 1300;
				TargetAttributes = {
					AD5EC6BB2736BD96007BAD06 = {
						CreatedOnToolsVersion = 13.0;
					};
					ADAEE4D0273B150600FABA5A = {
						CreatedOnToolsVersion = 13.0;
						LastSwiftMigration = 1300;
					};
					ADAEE4D7273B150600FABA5A = {
						CreatedOnToolsVersion = 13.0;
						TestTargetID = AD5EC6BB2736BD96007BAD06;
					};
					ADE77B8E274011630061AB3F = {
						CreatedOnToolsVersion = 13.0;
						LastSwiftMigration = 1300;
						TestTargetID = AD5EC6BB2736BD96007BAD06;
					};
				};
			};
			buildConfigurationList = AD5EC6B72736BD96007BAD06 /* Build configuration list for PBXProject "EarthBlue" */;
			compatibilityVersion = "Xcode 13.0";
			developmentRegion = en;
			hasScannedForEncodings = 0;
			knownRegions = (
				en,
				Base,
			);
			mainGroup = AD5EC6B32736BD96007BAD06;
			packageReferences = (
				ADAEE4ED273B153B00FABA5A /* XCRemoteSwiftPackageReference "Alamofire" */,
			);
			productRefGroup = AD5EC6BD2736BD96007BAD06 /* Products */;
			projectDirPath = "";
			projectRoot = "";
			targets = (
				AD5EC6BB2736BD96007BAD06 /* EarthBlue */,
				ADE77B8E274011630061AB3F /* EarthBlueTests */,
				ADAEE4D0273B150600FABA5A /* NetworkingServices */,
				ADAEE4D7273B150600FABA5A /* NetworkingServicesTests */,
			);
		};
/* End PBXProject section */

/* Begin PBXResourcesBuildPhase section */
		AD5EC6BA2736BD96007BAD06 /* Resources */ = {
			isa = PBXResourcesBuildPhase;
			buildActionMask = 2147483647;
			files = (
				AD4AB63C2743E1C4000F3F61 /* Previews.xcassets in Resources */,
				AD5EC6CC2736BD97007BAD06 /* LaunchScreen.storyboard in Resources */,
				AD5EC6C92736BD97007BAD06 /* Assets.xcassets in Resources */,
				AD1D9CBF278CCC66002905A1 /* EPICImageSliderViewController.storyboard in Resources */,
			);
			runOnlyForDeploymentPostprocessing = 0;
		};
		ADAEE4CF273B150600FABA5A /* Resources */ = {
			isa = PBXResourcesBuildPhase;
			buildActionMask = 2147483647;
			files = (
			);
			runOnlyForDeploymentPostprocessing = 0;
		};
		ADAEE4D6273B150600FABA5A /* Resources */ = {
			isa = PBXResourcesBuildPhase;
			buildActionMask = 2147483647;
			files = (
			);
			runOnlyForDeploymentPostprocessing = 0;
		};
		ADE77B8D274011630061AB3F /* Resources */ = {
			isa = PBXResourcesBuildPhase;
			buildActionMask = 2147483647;
			files = (
			);
			runOnlyForDeploymentPostprocessing = 0;
		};
/* End PBXResourcesBuildPhase section */

/* Begin PBXShellScriptBuildPhase section */
		7EB726FD2142FA6D5CD31A14 /* [CP] Check Pods Manifest.lock */ = {
			isa = PBXShellScriptBuildPhase;
			buildActionMask = 2147483647;
			files = (
			);
			inputFileListPaths = (
			);
			inputPaths = (
				"${PODS_PODFILE_DIR_PATH}/Podfile.lock",
				"${PODS_ROOT}/Manifest.lock",
			);
			name = "[CP] Check Pods Manifest.lock";
			outputFileListPaths = (
			);
			outputPaths = (
				"$(DERIVED_FILE_DIR)/Pods-NetworkingServices-checkManifestLockResult.txt",
			);
			runOnlyForDeploymentPostprocessing = 0;
			shellPath = /bin/sh;
			shellScript = "diff \"${PODS_PODFILE_DIR_PATH}/Podfile.lock\" \"${PODS_ROOT}/Manifest.lock\" > /dev/null\nif [ $? != 0 ] ; then\n    # print error to STDERR\n    echo \"error: The sandbox is not in sync with the Podfile.lock. Run 'pod install' or update your CocoaPods installation.\" >&2\n    exit 1\nfi\n# This output is used by Xcode 'outputs' to avoid re-running this script phase.\necho \"SUCCESS\" > \"${SCRIPT_OUTPUT_FILE_0}\"\n";
			showEnvVarsInLog = 0;
		};
		80E1C87AE4D7C35C997678DC /* [CP] Embed Pods Frameworks */ = {
			isa = PBXShellScriptBuildPhase;
			buildActionMask = 2147483647;
			files = (
			);
			inputFileListPaths = (
				"${PODS_ROOT}/Target Support Files/Pods-EarthBlue/Pods-EarthBlue-frameworks-${CONFIGURATION}-input-files.xcfilelist",
			);
			name = "[CP] Embed Pods Frameworks";
			outputFileListPaths = (
				"${PODS_ROOT}/Target Support Files/Pods-EarthBlue/Pods-EarthBlue-frameworks-${CONFIGURATION}-output-files.xcfilelist",
			);
			runOnlyForDeploymentPostprocessing = 0;
			shellPath = /bin/sh;
			shellScript = "\"${PODS_ROOT}/Target Support Files/Pods-EarthBlue/Pods-EarthBlue-frameworks.sh\"\n";
			showEnvVarsInLog = 0;
		};
		B762C3F7DDBAC21A9B7FB28D /* [CP] Check Pods Manifest.lock */ = {
			isa = PBXShellScriptBuildPhase;
			buildActionMask = 2147483647;
			files = (
			);
			inputFileListPaths = (
			);
			inputPaths = (
				"${PODS_PODFILE_DIR_PATH}/Podfile.lock",
				"${PODS_ROOT}/Manifest.lock",
			);
			name = "[CP] Check Pods Manifest.lock";
			outputFileListPaths = (
			);
			outputPaths = (
				"$(DERIVED_FILE_DIR)/Pods-NetworkingServices-NetworkingServicesTests-checkManifestLockResult.txt",
			);
			runOnlyForDeploymentPostprocessing = 0;
			shellPath = /bin/sh;
			shellScript = "diff \"${PODS_PODFILE_DIR_PATH}/Podfile.lock\" \"${PODS_ROOT}/Manifest.lock\" > /dev/null\nif [ $? != 0 ] ; then\n    # print error to STDERR\n    echo \"error: The sandbox is not in sync with the Podfile.lock. Run 'pod install' or update your CocoaPods installation.\" >&2\n    exit 1\nfi\n# This output is used by Xcode 'outputs' to avoid re-running this script phase.\necho \"SUCCESS\" > \"${SCRIPT_OUTPUT_FILE_0}\"\n";
			showEnvVarsInLog = 0;
		};
		D5E4E09D618D660490B53DEC /* [CP] Check Pods Manifest.lock */ = {
			isa = PBXShellScriptBuildPhase;
			buildActionMask = 2147483647;
			files = (
			);
			inputFileListPaths = (
			);
			inputPaths = (
				"${PODS_PODFILE_DIR_PATH}/Podfile.lock",
				"${PODS_ROOT}/Manifest.lock",
			);
			name = "[CP] Check Pods Manifest.lock";
			outputFileListPaths = (
			);
			outputPaths = (
				"$(DERIVED_FILE_DIR)/Pods-EarthBlueTests-checkManifestLockResult.txt",
			);
			runOnlyForDeploymentPostprocessing = 0;
			shellPath = /bin/sh;
			shellScript = "diff \"${PODS_PODFILE_DIR_PATH}/Podfile.lock\" \"${PODS_ROOT}/Manifest.lock\" > /dev/null\nif [ $? != 0 ] ; then\n    # print error to STDERR\n    echo \"error: The sandbox is not in sync with the Podfile.lock. Run 'pod install' or update your CocoaPods installation.\" >&2\n    exit 1\nfi\n# This output is used by Xcode 'outputs' to avoid re-running this script phase.\necho \"SUCCESS\" > \"${SCRIPT_OUTPUT_FILE_0}\"\n";
			showEnvVarsInLog = 0;
		};
		FC492A9E6A4C121869744B59 /* [CP] Check Pods Manifest.lock */ = {
			isa = PBXShellScriptBuildPhase;
			buildActionMask = 2147483647;
			files = (
			);
			inputFileListPaths = (
			);
			inputPaths = (
				"${PODS_PODFILE_DIR_PATH}/Podfile.lock",
				"${PODS_ROOT}/Manifest.lock",
			);
			name = "[CP] Check Pods Manifest.lock";
			outputFileListPaths = (
			);
			outputPaths = (
				"$(DERIVED_FILE_DIR)/Pods-EarthBlue-checkManifestLockResult.txt",
			);
			runOnlyForDeploymentPostprocessing = 0;
			shellPath = /bin/sh;
			shellScript = "diff \"${PODS_PODFILE_DIR_PATH}/Podfile.lock\" \"${PODS_ROOT}/Manifest.lock\" > /dev/null\nif [ $? != 0 ] ; then\n    # print error to STDERR\n    echo \"error: The sandbox is not in sync with the Podfile.lock. Run 'pod install' or update your CocoaPods installation.\" >&2\n    exit 1\nfi\n# This output is used by Xcode 'outputs' to avoid re-running this script phase.\necho \"SUCCESS\" > \"${SCRIPT_OUTPUT_FILE_0}\"\n";
			showEnvVarsInLog = 0;
		};
/* End PBXShellScriptBuildPhase section */

/* Begin PBXSourcesBuildPhase section */
		AD5EC6B82736BD96007BAD06 /* Sources */ = {
			isa = PBXSourcesBuildPhase;
			buildActionMask = 2147483647;
			files = (
				AD5EC6C02736BD96007BAD06 /* AppDelegate.swift in Sources */,
				ADF49647273EE588003ADB9C /* Colors.swift in Sources */,
				AD4E2C5A274BDA1300686DC2 /* EventDetailsViewModel.swift in Sources */,
				AD5EC6C22736BD96007BAD06 /* SceneDelegate.swift in Sources */,
				AD7B284827443C4600737AF1 /* Extensions and helpers.swift in Sources */,
				AD4AB63A2743E10E000F3F61 /* EventRow.swift in Sources */,
				AD96A7B4276F4570007A2ACD /* EventsBookmarksViewModel.swift in Sources */,
				ADA4D973274D365F00009099 /* EventsList.swift in Sources */,
				ADFFEE3627897CC00060C7B6 /* EPICFilteringViewModel.swift in Sources */,
				AD9EB101277CC0E70079AF0F /* EPICImageryViewModel.swift in Sources */,
				AD6A96542757841100D060F2 /* EventsFeedFiltering.swift in Sources */,
				AD8206C12769EE01006DCEBC /* EventBookmark.swift in Sources */,
				AD6A96562757892600D060F2 /* EventsFilteringViewModel.swift in Sources */,
				ADE77B8A274011320061AB3F /* EventsViewModel.swift in Sources */,
				ADB3E080274F8D1700CACEDB /* EventsFilteringView.swift in Sources */,
				AD9EB102277CC0E70079AF0F /* EPICFilteringView.swift in Sources */,
				ADFFEE3A27898BD10060C7B6 /* ImageryProviderInfo.swift in Sources */,
				AD9EB0FD277CC0DC0079AF0F /* ImageryView.swift in Sources */,
				AD4AB6412743ED71000F3F61 /* EventsViewModelMock.swift in Sources */,
				AD4AB63F2743E1FF000F3F61 /* EventRowMocks.swift in Sources */,
				ADD8881B274DAB4C00B7B89C /* EventMocks.swift in Sources */,
				AD430552278ED2A300E76FC1 /* EPICImageryFiltering.swift in Sources */,
				ADD616152736C8C4007A1D1D /* MainView.swift in Sources */,
				AD1D9CBD278CCC47002905A1 /* EPICImageSliderView.swift in Sources */,
				ADE77B9D27412FC90061AB3F /* Event.swift in Sources */,
				ADF0A2CD27A07AC9002C5844 /* SliderImageViewCell.swift in Sources */,
				AD4E2C60274BE80D00686DC2 /* EventDetailsView.swift in Sources */,
				AD9EB103277CC0E70079AF0F /* EPICImageryView.swift in Sources */,
				AD8206BD2769DDD7006DCEBC /* EventsBookmarkStore.swift in Sources */,
				AD3567C7277B516A00BB9E62 /* TaskProgressView.swift in Sources */,
				ADFFEE3827897CE60060C7B6 /* EPICImage.swift in Sources */,
				AD62C7162768A8D6002F6AF2 /* EventsBookmarksView.swift in Sources */,
				ADA4D975274D3CF200009099 /* EventLocationInfo.swift in Sources */,
				ADE77B9B274123CD0061AB3F /* EventsView.swift in Sources */,
			);
			runOnlyForDeploymentPostprocessing = 0;
		};
		ADAEE4CD273B150600FABA5A /* Sources */ = {
			isa = PBXSourcesBuildPhase;
			buildActionMask = 2147483647;
			files = (
				AD93F291273D109A00AC7EF2 /* NaturalEventsService.swift in Sources */,
				AD7642CB2770A7E700B69C3D /* Networking Errors.swift in Sources */,
				AD4D15072779B39100BC6FDE /* EPICImageryService.swift in Sources */,
				ADAEE4F4273B16A700FABA5A /* NetworkManager.swift in Sources */,
				AD170FDA2780801700D5AF8B /* EPICImageryRouter.swift in Sources */,
				AD93F293273D10CD00AC7EF2 /* NaturalEventsRouter.swift in Sources */,
			);
			runOnlyForDeploymentPostprocessing = 0;
		};
		ADAEE4D4273B150600FABA5A /* Sources */ = {
			isa = PBXSourcesBuildPhase;
			buildActionMask = 2147483647;
			files = (
				ADAEE4F1273B166700FABA5A /* NetworkManagerTests.swift in Sources */,
				AD93F296273D115100AC7EF2 /* NaturalEventsRouterTests.swift in Sources */,
				AD4D150A2779E14E00BC6FDE /* EPICImageryRouterTests.swift in Sources */,
				ADC00577273D664A005D5EF2 /* NaturalEventsServiceTests.swift in Sources */,
				AD93F28E273D0DB600AC7EF2 /* MockURLProtocol.swift in Sources */,
				AD4D150C2779E57400BC6FDE /* EPICImageryServiceTests.swift in Sources */,
				ADC00579273D6DA0005D5EF2 /* MockNetworkManager.swift in Sources */,
			);
			runOnlyForDeploymentPostprocessing = 0;
		};
		ADE77B8B274011630061AB3F /* Sources */ = {
			isa = PBXSourcesBuildPhase;
			buildActionMask = 2147483647;
			files = (
				ADE77B99274011940061AB3F /* EventsViewModelTests.swift in Sources */,
				AD96A7B6276F4AF1007A2ACD /* EventsBookmarksViewModelTests.swift in Sources */,
				ADE77BA1274144450061AB3F /* Mocks.swift in Sources */,
				AD115AEA275140E5001303F2 /* EventsFilteringViewModelTests.swift in Sources */,
				AD4E2C5C274BDA4100686DC2 /* EventDetailsViewModelTests.swift in Sources */,
				AD8206BF2769DE0C006DCEBC /* EventBookmarkStoreTests.swift in Sources */,
				AD4E2C5E274BDF6500686DC2 /* ExtensionsTests.swift in Sources */,
			);
			runOnlyForDeploymentPostprocessing = 0;
		};
/* End PBXSourcesBuildPhase section */

/* Begin PBXTargetDependency section */
		ADAEE4DB273B150600FABA5A /* PBXTargetDependency */ = {
			isa = PBXTargetDependency;
			target = ADAEE4D0273B150600FABA5A /* NetworkingServices */;
			targetProxy = ADAEE4DA273B150600FABA5A /* PBXContainerItemProxy */;
		};
		ADAEE4DD273B150600FABA5A /* PBXTargetDependency */ = {
			isa = PBXTargetDependency;
			target = AD5EC6BB2736BD96007BAD06 /* EarthBlue */;
			targetProxy = ADAEE4DC273B150600FABA5A /* PBXContainerItemProxy */;
		};
		ADAEE4E3273B150600FABA5A /* PBXTargetDependency */ = {
			isa = PBXTargetDependency;
			target = ADAEE4D0273B150600FABA5A /* NetworkingServices */;
			targetProxy = ADAEE4E2273B150600FABA5A /* PBXContainerItemProxy */;
		};
		ADE77B94274011630061AB3F /* PBXTargetDependency */ = {
			isa = PBXTargetDependency;
			target = AD5EC6BB2736BD96007BAD06 /* EarthBlue */;
			targetProxy = ADE77B93274011630061AB3F /* PBXContainerItemProxy */;
		};
/* End PBXTargetDependency section */

/* Begin PBXVariantGroup section */
		AD5EC6CA2736BD97007BAD06 /* LaunchScreen.storyboard */ = {
			isa = PBXVariantGroup;
			children = (
				AD5EC6CB2736BD97007BAD06 /* Base */,
			);
			name = LaunchScreen.storyboard;
			sourceTree = "<group>";
		};
/* End PBXVariantGroup section */

/* Begin XCBuildConfiguration section */
		AD5EC6E42736BD98007BAD06 /* Debug */ = {
			isa = XCBuildConfiguration;
			buildSettings = {
				ALWAYS_SEARCH_USER_PATHS = NO;
				CLANG_ANALYZER_NONNULL = YES;
				CLANG_ANALYZER_NUMBER_OBJECT_CONVERSION = YES_AGGRESSIVE;
				CLANG_CXX_LANGUAGE_STANDARD = "gnu++17";
				CLANG_CXX_LIBRARY = "libc++";
				CLANG_ENABLE_MODULES = YES;
				CLANG_ENABLE_OBJC_ARC = YES;
				CLANG_ENABLE_OBJC_WEAK = YES;
				CLANG_WARN_BLOCK_CAPTURE_AUTORELEASING = YES;
				CLANG_WARN_BOOL_CONVERSION = YES;
				CLANG_WARN_COMMA = YES;
				CLANG_WARN_CONSTANT_CONVERSION = YES;
				CLANG_WARN_DEPRECATED_OBJC_IMPLEMENTATIONS = YES;
				CLANG_WARN_DIRECT_OBJC_ISA_USAGE = YES_ERROR;
				CLANG_WARN_DOCUMENTATION_COMMENTS = YES;
				CLANG_WARN_EMPTY_BODY = YES;
				CLANG_WARN_ENUM_CONVERSION = YES;
				CLANG_WARN_INFINITE_RECURSION = YES;
				CLANG_WARN_INT_CONVERSION = YES;
				CLANG_WARN_NON_LITERAL_NULL_CONVERSION = YES;
				CLANG_WARN_OBJC_IMPLICIT_RETAIN_SELF = YES;
				CLANG_WARN_OBJC_LITERAL_CONVERSION = YES;
				CLANG_WARN_OBJC_ROOT_CLASS = YES_ERROR;
				CLANG_WARN_QUOTED_INCLUDE_IN_FRAMEWORK_HEADER = YES;
				CLANG_WARN_RANGE_LOOP_ANALYSIS = YES;
				CLANG_WARN_STRICT_PROTOTYPES = YES;
				CLANG_WARN_SUSPICIOUS_MOVE = YES;
				CLANG_WARN_UNGUARDED_AVAILABILITY = YES_AGGRESSIVE;
				CLANG_WARN_UNREACHABLE_CODE = YES;
				CLANG_WARN__DUPLICATE_METHOD_MATCH = YES;
				COPY_PHASE_STRIP = NO;
				DEBUG_INFORMATION_FORMAT = dwarf;
				ENABLE_STRICT_OBJC_MSGSEND = YES;
				ENABLE_TESTABILITY = YES;
				GCC_C_LANGUAGE_STANDARD = gnu11;
				GCC_DYNAMIC_NO_PIC = NO;
				GCC_NO_COMMON_BLOCKS = YES;
				GCC_OPTIMIZATION_LEVEL = 0;
				GCC_PREPROCESSOR_DEFINITIONS = (
					"DEBUG=1",
					"$(inherited)",
				);
				GCC_WARN_64_TO_32_BIT_CONVERSION = YES;
				GCC_WARN_ABOUT_RETURN_TYPE = YES_ERROR;
				GCC_WARN_UNDECLARED_SELECTOR = YES;
				GCC_WARN_UNINITIALIZED_AUTOS = YES_AGGRESSIVE;
				GCC_WARN_UNUSED_FUNCTION = YES;
				GCC_WARN_UNUSED_VARIABLE = YES;
				IPHONEOS_DEPLOYMENT_TARGET = 15.0;
				MTL_ENABLE_DEBUG_INFO = INCLUDE_SOURCE;
				MTL_FAST_MATH = YES;
				ONLY_ACTIVE_ARCH = YES;
				SDKROOT = iphoneos;
				SWIFT_ACTIVE_COMPILATION_CONDITIONS = DEBUG;
				SWIFT_OPTIMIZATION_LEVEL = "-Onone";
			};
			name = Debug;
		};
		AD5EC6E52736BD98007BAD06 /* Release */ = {
			isa = XCBuildConfiguration;
			buildSettings = {
				ALWAYS_SEARCH_USER_PATHS = NO;
				CLANG_ANALYZER_NONNULL = YES;
				CLANG_ANALYZER_NUMBER_OBJECT_CONVERSION = YES_AGGRESSIVE;
				CLANG_CXX_LANGUAGE_STANDARD = "gnu++17";
				CLANG_CXX_LIBRARY = "libc++";
				CLANG_ENABLE_MODULES = YES;
				CLANG_ENABLE_OBJC_ARC = YES;
				CLANG_ENABLE_OBJC_WEAK = YES;
				CLANG_WARN_BLOCK_CAPTURE_AUTORELEASING = YES;
				CLANG_WARN_BOOL_CONVERSION = YES;
				CLANG_WARN_COMMA = YES;
				CLANG_WARN_CONSTANT_CONVERSION = YES;
				CLANG_WARN_DEPRECATED_OBJC_IMPLEMENTATIONS = YES;
				CLANG_WARN_DIRECT_OBJC_ISA_USAGE = YES_ERROR;
				CLANG_WARN_DOCUMENTATION_COMMENTS = YES;
				CLANG_WARN_EMPTY_BODY = YES;
				CLANG_WARN_ENUM_CONVERSION = YES;
				CLANG_WARN_INFINITE_RECURSION = YES;
				CLANG_WARN_INT_CONVERSION = YES;
				CLANG_WARN_NON_LITERAL_NULL_CONVERSION = YES;
				CLANG_WARN_OBJC_IMPLICIT_RETAIN_SELF = YES;
				CLANG_WARN_OBJC_LITERAL_CONVERSION = YES;
				CLANG_WARN_OBJC_ROOT_CLASS = YES_ERROR;
				CLANG_WARN_QUOTED_INCLUDE_IN_FRAMEWORK_HEADER = YES;
				CLANG_WARN_RANGE_LOOP_ANALYSIS = YES;
				CLANG_WARN_STRICT_PROTOTYPES = YES;
				CLANG_WARN_SUSPICIOUS_MOVE = YES;
				CLANG_WARN_UNGUARDED_AVAILABILITY = YES_AGGRESSIVE;
				CLANG_WARN_UNREACHABLE_CODE = YES;
				CLANG_WARN__DUPLICATE_METHOD_MATCH = YES;
				COPY_PHASE_STRIP = NO;
				DEBUG_INFORMATION_FORMAT = "dwarf-with-dsym";
				ENABLE_NS_ASSERTIONS = NO;
				ENABLE_STRICT_OBJC_MSGSEND = YES;
				GCC_C_LANGUAGE_STANDARD = gnu11;
				GCC_NO_COMMON_BLOCKS = YES;
				GCC_WARN_64_TO_32_BIT_CONVERSION = YES;
				GCC_WARN_ABOUT_RETURN_TYPE = YES_ERROR;
				GCC_WARN_UNDECLARED_SELECTOR = YES;
				GCC_WARN_UNINITIALIZED_AUTOS = YES_AGGRESSIVE;
				GCC_WARN_UNUSED_FUNCTION = YES;
				GCC_WARN_UNUSED_VARIABLE = YES;
				IPHONEOS_DEPLOYMENT_TARGET = 15.0;
				MTL_ENABLE_DEBUG_INFO = NO;
				MTL_FAST_MATH = YES;
				SDKROOT = iphoneos;
				SWIFT_COMPILATION_MODE = wholemodule;
				SWIFT_OPTIMIZATION_LEVEL = "-O";
				VALIDATE_PRODUCT = YES;
			};
			name = Release;
		};
		AD5EC6E72736BD98007BAD06 /* Debug */ = {
			isa = XCBuildConfiguration;
			baseConfigurationReference = 132E32980FFEC161AA2DB859 /* Pods-EarthBlue.debug.xcconfig */;
			buildSettings = {
				ALWAYS_EMBED_SWIFT_STANDARD_LIBRARIES = YES;
				ASSETCATALOG_COMPILER_APPICON_NAME = AppIcon;
				CODE_SIGN_STYLE = Automatic;
				CURRENT_PROJECT_VERSION = 1;
				DEVELOPMENT_ASSET_PATHS = "EarthBlue/Preview\\ Content";
				DEVELOPMENT_TEAM = 45VBTWJ842;
				GENERATE_INFOPLIST_FILE = YES;
				INFOPLIST_FILE = EarthBlue/Info.plist;
				INFOPLIST_KEY_UIApplicationSupportsIndirectInputEvents = YES;
				INFOPLIST_KEY_UILaunchStoryboardName = LaunchScreen;
				INFOPLIST_KEY_UISupportedInterfaceOrientations_iPad = "UIInterfaceOrientationPortrait UIInterfaceOrientationPortraitUpsideDown UIInterfaceOrientationLandscapeLeft UIInterfaceOrientationLandscapeRight";
				INFOPLIST_KEY_UISupportedInterfaceOrientations_iPhone = "UIInterfaceOrientationPortrait UIInterfaceOrientationLandscapeLeft UIInterfaceOrientationLandscapeRight";
				LD_RUNPATH_SEARCH_PATHS = (
					"$(inherited)",
					"@executable_path/Frameworks",
				);
				MARKETING_VERSION = 1.0;
				PRODUCT_BUNDLE_IDENTIFIER = com.mohammedmirsal.EarthBlue;
				PRODUCT_NAME = "$(TARGET_NAME)";
				SWIFT_EMIT_LOC_STRINGS = YES;
				SWIFT_VERSION = 5.0;
				TARGETED_DEVICE_FAMILY = 1;
			};
			name = Debug;
		};
		AD5EC6E82736BD98007BAD06 /* Release */ = {
			isa = XCBuildConfiguration;
			baseConfigurationReference = F38254829D8001E6780C8DC3 /* Pods-EarthBlue.release.xcconfig */;
			buildSettings = {
				ALWAYS_EMBED_SWIFT_STANDARD_LIBRARIES = YES;
				ASSETCATALOG_COMPILER_APPICON_NAME = AppIcon;
				CODE_SIGN_STYLE = Automatic;
				CURRENT_PROJECT_VERSION = 1;
				DEVELOPMENT_ASSET_PATHS = "EarthBlue/Preview\\ Content";
				DEVELOPMENT_TEAM = 45VBTWJ842;
				GENERATE_INFOPLIST_FILE = YES;
				INFOPLIST_FILE = EarthBlue/Info.plist;
				INFOPLIST_KEY_UIApplicationSupportsIndirectInputEvents = YES;
				INFOPLIST_KEY_UILaunchStoryboardName = LaunchScreen;
				INFOPLIST_KEY_UISupportedInterfaceOrientations_iPad = "UIInterfaceOrientationPortrait UIInterfaceOrientationPortraitUpsideDown UIInterfaceOrientationLandscapeLeft UIInterfaceOrientationLandscapeRight";
				INFOPLIST_KEY_UISupportedInterfaceOrientations_iPhone = "UIInterfaceOrientationPortrait UIInterfaceOrientationLandscapeLeft UIInterfaceOrientationLandscapeRight";
				LD_RUNPATH_SEARCH_PATHS = (
					"$(inherited)",
					"@executable_path/Frameworks",
				);
				MARKETING_VERSION = 1.0;
				PRODUCT_BUNDLE_IDENTIFIER = com.mohammedmirsal.EarthBlue;
				PRODUCT_NAME = "$(TARGET_NAME)";
				SWIFT_EMIT_LOC_STRINGS = YES;
				SWIFT_VERSION = 5.0;
				TARGETED_DEVICE_FAMILY = 1;
			};
			name = Release;
		};
		ADAEE4E7273B150600FABA5A /* Debug */ = {
			isa = XCBuildConfiguration;
			baseConfigurationReference = 9469BADAA3BB77FB3F06BF78 /* Pods-NetworkingServices.debug.xcconfig */;
			buildSettings = {
				CLANG_ENABLE_MODULES = YES;
				CODE_SIGN_STYLE = Automatic;
				CURRENT_PROJECT_VERSION = 1;
				DEFINES_MODULE = YES;
				DEVELOPMENT_TEAM = 45VBTWJ842;
				DYLIB_COMPATIBILITY_VERSION = 1;
				DYLIB_CURRENT_VERSION = 1;
				DYLIB_INSTALL_NAME_BASE = "@rpath";
				GENERATE_INFOPLIST_FILE = YES;
				INFOPLIST_KEY_NSHumanReadableCopyright = "";
				INSTALL_PATH = "$(LOCAL_LIBRARY_DIR)/Frameworks";
				LD_RUNPATH_SEARCH_PATHS = (
					"$(inherited)",
					"@executable_path/Frameworks",
					"@loader_path/Frameworks",
				);
				MARKETING_VERSION = 1.0;
				PRODUCT_BUNDLE_IDENTIFIER = com.mohammedmirsal.NetworkingServices;
				PRODUCT_NAME = "$(TARGET_NAME:c99extidentifier)";
				SKIP_INSTALL = YES;
				SWIFT_EMIT_LOC_STRINGS = YES;
				SWIFT_OPTIMIZATION_LEVEL = "-Onone";
				SWIFT_VERSION = 5.0;
				TARGETED_DEVICE_FAMILY = "1,2";
				VERSIONING_SYSTEM = "apple-generic";
				VERSION_INFO_PREFIX = "";
			};
			name = Debug;
		};
		ADAEE4E8273B150600FABA5A /* Release */ = {
			isa = XCBuildConfiguration;
			baseConfigurationReference = B841EAC152E47E2C8DD359ED /* Pods-NetworkingServices.release.xcconfig */;
			buildSettings = {
				CLANG_ENABLE_MODULES = YES;
				CODE_SIGN_STYLE = Automatic;
				CURRENT_PROJECT_VERSION = 1;
				DEFINES_MODULE = YES;
				DEVELOPMENT_TEAM = 45VBTWJ842;
				DYLIB_COMPATIBILITY_VERSION = 1;
				DYLIB_CURRENT_VERSION = 1;
				DYLIB_INSTALL_NAME_BASE = "@rpath";
				GENERATE_INFOPLIST_FILE = YES;
				INFOPLIST_KEY_NSHumanReadableCopyright = "";
				INSTALL_PATH = "$(LOCAL_LIBRARY_DIR)/Frameworks";
				LD_RUNPATH_SEARCH_PATHS = (
					"$(inherited)",
					"@executable_path/Frameworks",
					"@loader_path/Frameworks",
				);
				MARKETING_VERSION = 1.0;
				PRODUCT_BUNDLE_IDENTIFIER = com.mohammedmirsal.NetworkingServices;
				PRODUCT_NAME = "$(TARGET_NAME:c99extidentifier)";
				SKIP_INSTALL = YES;
				SWIFT_EMIT_LOC_STRINGS = YES;
				SWIFT_VERSION = 5.0;
				TARGETED_DEVICE_FAMILY = "1,2";
				VERSIONING_SYSTEM = "apple-generic";
				VERSION_INFO_PREFIX = "";
			};
			name = Release;
		};
		ADAEE4EB273B150600FABA5A /* Debug */ = {
			isa = XCBuildConfiguration;
			baseConfigurationReference = 9B18D4D168D9624C2A099DEA /* Pods-NetworkingServices-NetworkingServicesTests.debug.xcconfig */;
			buildSettings = {
				ALWAYS_EMBED_SWIFT_STANDARD_LIBRARIES = YES;
				CODE_SIGN_STYLE = Automatic;
				CURRENT_PROJECT_VERSION = 1;
				DEVELOPMENT_TEAM = 45VBTWJ842;
				GENERATE_INFOPLIST_FILE = YES;
				LD_RUNPATH_SEARCH_PATHS = (
					"$(inherited)",
					"@executable_path/Frameworks",
					"@loader_path/Frameworks",
				);
				MARKETING_VERSION = 1.0;
				PRODUCT_BUNDLE_IDENTIFIER = com.mohammedmirsal.NetworkingServicesTests;
				PRODUCT_NAME = "$(TARGET_NAME)";
				SWIFT_EMIT_LOC_STRINGS = NO;
				SWIFT_VERSION = 5.0;
				TARGETED_DEVICE_FAMILY = "1,2";
				TEST_HOST = "$(BUILT_PRODUCTS_DIR)/EarthBlue.app/EarthBlue";
			};
			name = Debug;
		};
		ADAEE4EC273B150600FABA5A /* Release */ = {
			isa = XCBuildConfiguration;
			baseConfigurationReference = 164618F284C7623D28B82494 /* Pods-NetworkingServices-NetworkingServicesTests.release.xcconfig */;
			buildSettings = {
				ALWAYS_EMBED_SWIFT_STANDARD_LIBRARIES = YES;
				CODE_SIGN_STYLE = Automatic;
				CURRENT_PROJECT_VERSION = 1;
				DEVELOPMENT_TEAM = 45VBTWJ842;
				GENERATE_INFOPLIST_FILE = YES;
				LD_RUNPATH_SEARCH_PATHS = (
					"$(inherited)",
					"@executable_path/Frameworks",
					"@loader_path/Frameworks",
				);
				MARKETING_VERSION = 1.0;
				PRODUCT_BUNDLE_IDENTIFIER = com.mohammedmirsal.NetworkingServicesTests;
				PRODUCT_NAME = "$(TARGET_NAME)";
				SWIFT_EMIT_LOC_STRINGS = NO;
				SWIFT_VERSION = 5.0;
				TARGETED_DEVICE_FAMILY = "1,2";
				TEST_HOST = "$(BUILT_PRODUCTS_DIR)/EarthBlue.app/EarthBlue";
			};
			name = Release;
		};
		ADE77B96274011630061AB3F /* Debug */ = {
			isa = XCBuildConfiguration;
			baseConfigurationReference = F119DA84D21332F733909A0E /* Pods-EarthBlueTests.debug.xcconfig */;
			buildSettings = {
				BUNDLE_LOADER = "$(TEST_HOST)";
				CLANG_ENABLE_MODULES = YES;
				CODE_SIGN_STYLE = Automatic;
				CURRENT_PROJECT_VERSION = 1;
				DEVELOPMENT_TEAM = 45VBTWJ842;
				GENERATE_INFOPLIST_FILE = YES;
				LD_RUNPATH_SEARCH_PATHS = (
					"$(inherited)",
					"@executable_path/Frameworks",
					"@loader_path/Frameworks",
				);
				MARKETING_VERSION = 1.0;
				PRODUCT_BUNDLE_IDENTIFIER = com.mohammedmirsal.EarthBlueTests;
				PRODUCT_NAME = "$(TARGET_NAME)";
				SWIFT_EMIT_LOC_STRINGS = NO;
				SWIFT_OPTIMIZATION_LEVEL = "-Onone";
				SWIFT_VERSION = 5.0;
				TARGETED_DEVICE_FAMILY = "1,2";
				TEST_HOST = "$(BUILT_PRODUCTS_DIR)/EarthBlue.app/EarthBlue";
			};
			name = Debug;
		};
		ADE77B97274011630061AB3F /* Release */ = {
			isa = XCBuildConfiguration;
			baseConfigurationReference = 926D147FFCD2BB93A5F3107E /* Pods-EarthBlueTests.release.xcconfig */;
			buildSettings = {
				BUNDLE_LOADER = "$(TEST_HOST)";
				CLANG_ENABLE_MODULES = YES;
				CODE_SIGN_STYLE = Automatic;
				CURRENT_PROJECT_VERSION = 1;
				DEVELOPMENT_TEAM = 45VBTWJ842;
				GENERATE_INFOPLIST_FILE = YES;
				LD_RUNPATH_SEARCH_PATHS = (
					"$(inherited)",
					"@executable_path/Frameworks",
					"@loader_path/Frameworks",
				);
				MARKETING_VERSION = 1.0;
				PRODUCT_BUNDLE_IDENTIFIER = com.mohammedmirsal.EarthBlueTests;
				PRODUCT_NAME = "$(TARGET_NAME)";
				SWIFT_EMIT_LOC_STRINGS = NO;
				SWIFT_VERSION = 5.0;
				TARGETED_DEVICE_FAMILY = "1,2";
				TEST_HOST = "$(BUILT_PRODUCTS_DIR)/EarthBlue.app/EarthBlue";
			};
			name = Release;
		};
/* End XCBuildConfiguration section */

/* Begin XCConfigurationList section */
		AD5EC6B72736BD96007BAD06 /* Build configuration list for PBXProject "EarthBlue" */ = {
			isa = XCConfigurationList;
			buildConfigurations = (
				AD5EC6E42736BD98007BAD06 /* Debug */,
				AD5EC6E52736BD98007BAD06 /* Release */,
			);
			defaultConfigurationIsVisible = 0;
			defaultConfigurationName = Release;
		};
		AD5EC6E62736BD98007BAD06 /* Build configuration list for PBXNativeTarget "EarthBlue" */ = {
			isa = XCConfigurationList;
			buildConfigurations = (
				AD5EC6E72736BD98007BAD06 /* Debug */,
				AD5EC6E82736BD98007BAD06 /* Release */,
			);
			defaultConfigurationIsVisible = 0;
			defaultConfigurationName = Release;
		};
		ADAEE4E6273B150600FABA5A /* Build configuration list for PBXNativeTarget "NetworkingServices" */ = {
			isa = XCConfigurationList;
			buildConfigurations = (
				ADAEE4E7273B150600FABA5A /* Debug */,
				ADAEE4E8273B150600FABA5A /* Release */,
			);
			defaultConfigurationIsVisible = 0;
			defaultConfigurationName = Release;
		};
		ADAEE4EA273B150600FABA5A /* Build configuration list for PBXNativeTarget "NetworkingServicesTests" */ = {
			isa = XCConfigurationList;
			buildConfigurations = (
				ADAEE4EB273B150600FABA5A /* Debug */,
				ADAEE4EC273B150600FABA5A /* Release */,
			);
			defaultConfigurationIsVisible = 0;
			defaultConfigurationName = Release;
		};
		ADE77B95274011630061AB3F /* Build configuration list for PBXNativeTarget "EarthBlueTests" */ = {
			isa = XCConfigurationList;
			buildConfigurations = (
				ADE77B96274011630061AB3F /* Debug */,
				ADE77B97274011630061AB3F /* Release */,
			);
			defaultConfigurationIsVisible = 0;
			defaultConfigurationName = Release;
		};
/* End XCConfigurationList section */

/* Begin XCRemoteSwiftPackageReference section */
		ADAEE4ED273B153B00FABA5A /* XCRemoteSwiftPackageReference "Alamofire" */ = {
			isa = XCRemoteSwiftPackageReference;
			repositoryURL = "https://github.com/Alamofire/Alamofire";
			requirement = {
				kind = upToNextMinorVersion;
				minimumVersion = 5.4.0;
			};
		};
/* End XCRemoteSwiftPackageReference section */

/* Begin XCSwiftPackageProductDependency section */
		ADAEE4EE273B153B00FABA5A /* Alamofire */ = {
			isa = XCSwiftPackageProductDependency;
			package = ADAEE4ED273B153B00FABA5A /* XCRemoteSwiftPackageReference "Alamofire" */;
			productName = Alamofire;
		};
/* End XCSwiftPackageProductDependency section */
	};
	rootObject = AD5EC6B42736BD96007BAD06 /* Project object */;
}
